
Microsoft Visual Studio Solution File, Format Version 12.00
# Visual Studio Version 17
VisualStudioVersion = 17.1.32228.430
MinimumVisualStudioVersion = 10.0.40219.1
Project("{9A19103F-16F7-4668-BE54-9A1E7A4F7556}") = "Core", "Core\Core.csproj", "{8773A22A-134F-49E7-B341-4FBC057AE55B}"
EndProject
Project("{9A19103F-16F7-4668-BE54-9A1E7A4F7556}") = "Console", "Console\Console.csproj", "{F149A725-E98D-4448-B115-B6C86AFDCE76}"
EndProject
Project("{9A19103F-16F7-4668-BE54-9A1E7A4F7556}") = "WPF", "WPF\WPF.csproj", "{5773C729-0061-4E52-92AA-6A520984ECCC}"
EndProject
Project("{FAE04EC0-301F-11D3-BF4B-00C04F79EFBC}") = "AirplaneTests", "AirplaneTests\AirplaneTests.csproj", "{D41BDE1D-D229-41F7-B6AD-321AF4285CA3}"
EndProject
Global
	GlobalSection(SolutionConfigurationPlatforms) = preSolution
		Debug|Any CPU = Debug|Any CPU
		Release|Any CPU = Release|Any CPU
	EndGlobalSection
	GlobalSection(ProjectConfigurationPlatforms) = postSolution
		{8773A22A-134F-49E7-B341-4FBC057AE55B}.Debug|Any CPU.ActiveCfg = Debug|Any CPU
		{8773A22A-134F-49E7-B341-4FBC057AE55B}.Debug|Any CPU.Build.0 = Debug|Any CPU
		{8773A22A-134F-49E7-B341-4FBC057AE55B}.Release|Any CPU.ActiveCfg = Release|Any CPU
		{8773A22A-134F-49E7-B341-4FBC057AE55B}.Release|Any CPU.Build.0 = Release|Any CPU
		{F149A725-E98D-4448-B115-B6C86AFDCE76}.Debug|Any CPU.ActiveCfg = Debug|Any CPU
		{F149A725-E98D-4448-B115-B6C86AFDCE76}.Debug|Any CPU.Build.0 = Debug|Any CPU
		{F149A725-E98D-4448-B115-B6C86AFDCE76}.Release|Any CPU.ActiveCfg = Release|Any CPU
		{F149A725-E98D-4448-B115-B6C86AFDCE76}.Release|Any CPU.Build.0 = Release|Any CPU
		{5773C729-0061-4E52-92AA-6A520984ECCC}.Debug|Any CPU.ActiveCfg = Debug|Any CPU
		{5773C729-0061-4E52-92AA-6A520984ECCC}.Debug|Any CPU.Build.0 = Debug|Any CPU
		{5773C729-0061-4E52-92AA-6A520984ECCC}.Release|Any CPU.ActiveCfg = Release|Any CPU
		{5773C729-0061-4E52-92AA-6A520984ECCC}.Release|Any CPU.Build.0 = Release|Any CPU
		{D41BDE1D-D229-41F7-B6AD-321AF4285CA3}.Debug|Any CPU.ActiveCfg = Debug|Any CPU
		{D41BDE1D-D229-41F7-B6AD-321AF4285CA3}.Debug|Any CPU.Build.0 = Debug|Any CPU
		{D41BDE1D-D229-41F7-B6AD-321AF4285CA3}.Release|Any CPU.ActiveCfg = Release|Any CPU
		{D41BDE1D-D229-41F7-B6AD-321AF4285CA3}.Release|Any CPU.Build.0 = Release|Any CPU
	EndGlobalSection
	GlobalSection(SolutionProperties) = preSolution
		HideSolutionNode = FALSE
	EndGlobalSection
	GlobalSection(ExtensibilityGlobals) = postSolution
		SolutionGuid = {BB2AD0D5-63DC-4252-A434-18D726283270}
	EndGlobalSection
EndGlobal
